// !$*UTF8*$!
{
	archiveVersion = 1;
	classes = {
	};
	objectVersion = 55;
	objects = {

/* Begin PBXBuildFile section */
		4B20354E289E36BC00D316D1 /* SwiftUIdemoApp.swift in Sources */ = {isa = PBXBuildFile; fileRef = 4B20354D289E36BC00D316D1 /* SwiftUIdemoApp.swift */; };
		4B203552289E36BD00D316D1 /* Assets.xcassets in Resources */ = {isa = PBXBuildFile; fileRef = 4B203551289E36BD00D316D1 /* Assets.xcassets */; };
		4B203555289E36BD00D316D1 /* Preview Assets.xcassets in Resources */ = {isa = PBXBuildFile; fileRef = 4B203554289E36BD00D316D1 /* Preview Assets.xcassets */; };
		4B203557289E36BD00D316D1 /* Persistence.swift in Sources */ = {isa = PBXBuildFile; fileRef = 4B203556289E36BD00D316D1 /* Persistence.swift */; };
		4B20355A289E36BD00D316D1 /* SwiftUIdemo.xcdatamodeld in Sources */ = {isa = PBXBuildFile; fileRef = 4B203558289E36BD00D316D1 /* SwiftUIdemo.xcdatamodeld */; };
		4B203564289E36BD00D316D1 /* SwiftUIdemoTests.swift in Sources */ = {isa = PBXBuildFile; fileRef = 4B203563289E36BD00D316D1 /* SwiftUIdemoTests.swift */; };
		4B20356E289E36BD00D316D1 /* SwiftUIdemoUITests.swift in Sources */ = {isa = PBXBuildFile; fileRef = 4B20356D289E36BD00D316D1 /* SwiftUIdemoUITests.swift */; };
		4B203570289E36BD00D316D1 /* SwiftUIdemoUITestsLaunchTests.swift in Sources */ = {isa = PBXBuildFile; fileRef = 4B20356F289E36BD00D316D1 /* SwiftUIdemoUITestsLaunchTests.swift */; };
		4B20357D289E36DB00D316D1 /* HomeScreen.swift in Sources */ = {isa = PBXBuildFile; fileRef = 4B20357C289E36DB00D316D1 /* HomeScreen.swift */; };
/* End PBXBuildFile section */

/* Begin PBXContainerItemProxy section */
		4B203560289E36BD00D316D1 /* PBXContainerItemProxy */ = {
			isa = PBXContainerItemProxy;
			containerPortal = 4B203542289E36BC00D316D1 /* Project object */;
			proxyType = 1;
			remoteGlobalIDString = 4B203549289E36BC00D316D1;
			remoteInfo = SwiftUIdemo;
		};
		4B20356A289E36BD00D316D1 /* PBXContainerItemProxy */ = {
			isa = PBXContainerItemProxy;
			containerPortal = 4B203542289E36BC00D316D1 /* Project object */;
			proxyType = 1;
			remoteGlobalIDString = 4B203549289E36BC00D316D1;
			remoteInfo = SwiftUIdemo;
		};
/* End PBXContainerItemProxy section */

/* Begin PBXFileReference section */
		4B20354A289E36BC00D316D1 /* SwiftUIdemo.app */ = {isa = PBXFileReference; explicitFileType = wrapper.application; includeInIndex = 0; path = SwiftUIdemo.app; sourceTree = BUILT_PRODUCTS_DIR; };
		4B20354D289E36BC00D316D1 /* SwiftUIdemoApp.swift */ = {isa = PBXFileReference; lastKnownFileType = sourcecode.swift; path = SwiftUIdemoApp.swift; sourceTree = "<group>"; };
		4B203551289E36BD00D316D1 /* Assets.xcassets */ = {isa = PBXFileReference; lastKnownFileType = folder.assetcatalog; path = Assets.xcassets; sourceTree = "<group>"; };
		4B203554289E36BD00D316D1 /* Preview Assets.xcassets */ = {isa = PBXFileReference; lastKnownFileType = folder.assetcatalog; path = "Preview Assets.xcassets"; sourceTree = "<group>"; };
		4B203556289E36BD00D316D1 /* Persistence.swift */ = {isa = PBXFileReference; lastKnownFileType = sourcecode.swift; path = Persistence.swift; sourceTree = "<group>"; };
		4B203559289E36BD00D316D1 /* SwiftUIdemo.xcdatamodel */ = {isa = PBXFileReference; lastKnownFileType = wrapper.xcdatamodel; path = SwiftUIdemo.xcdatamodel; sourceTree = "<group>"; };
		4B20355F289E36BD00D316D1 /* SwiftUIdemoTests.xctest */ = {isa = PBXFileReference; explicitFileType = wrapper.cfbundle; includeInIndex = 0; path = SwiftUIdemoTests.xctest; sourceTree = BUILT_PRODUCTS_DIR; };
		4B203563289E36BD00D316D1 /* SwiftUIdemoTests.swift */ = {isa = PBXFileReference; lastKnownFileType = sourcecode.swift; path = SwiftUIdemoTests.swift; sourceTree = "<group>"; };
		4B203569289E36BD00D316D1 /* SwiftUIdemoUITests.xctest */ = {isa = PBXFileReference; explicitFileType = wrapper.cfbundle; includeInIndex = 0; path = SwiftUIdemoUITests.xctest; sourceTree = BUILT_PRODUCTS_DIR; };
		4B20356D289E36BD00D316D1 /* SwiftUIdemoUITests.swift */ = {isa = PBXFileReference; lastKnownFileType = sourcecode.swift; path = SwiftUIdemoUITests.swift; sourceTree = "<group>"; };
		4B20356F289E36BD00D316D1 /* SwiftUIdemoUITestsLaunchTests.swift */ = {isa = PBXFileReference; lastKnownFileType = sourcecode.swift; path = SwiftUIdemoUITestsLaunchTests.swift; sourceTree = "<group>"; };
		4B20357C289E36DB00D316D1 /* HomeScreen.swift */ = {isa = PBXFileReference; lastKnownFileType = sourcecode.swift; path = HomeScreen.swift; sourceTree = "<group>"; };
/* End PBXFileReference section */

/* Begin PBXFrameworksBuildPhase section */
		4B203547289E36BC00D316D1 /* Frameworks */ = {
			isa = PBXFrameworksBuildPhase;
			buildActionMask = 2147483647;
			files = (
			);
			runOnlyForDeploymentPostprocessing = 0;
		};
		4B20355C289E36BD00D316D1 /* Frameworks */ = {
			isa = PBXFrameworksBuildPhase;
			buildActionMask = 2147483647;
			files = (
			);
			runOnlyForDeploymentPostprocessing = 0;
		};
		4B203566289E36BD00D316D1 /* Frameworks */ = {
			isa = PBXFrameworksBuildPhase;
			buildActionMask = 2147483647;
			files = (
			);
			runOnlyForDeploymentPostprocessing = 0;
		};
/* End PBXFrameworksBuildPhase section */

/* Begin PBXGroup section */
		4B203541289E36BC00D316D1 = {
			isa = PBXGroup;
			children = (
				4B20354C289E36BC00D316D1 /* SwiftUIdemo */,
				4B203562289E36BD00D316D1 /* SwiftUIdemoTests */,
				4B20356C289E36BD00D316D1 /* SwiftUIdemoUITests */,
				4B20354B289E36BC00D316D1 /* Products */,
			);
			sourceTree = "<group>";
		};
		4B20354B289E36BC00D316D1 /* Products */ = {
			isa = PBXGroup;
			children = (
				4B20354A289E36BC00D316D1 /* SwiftUIdemo.app */,
				4B20355F289E36BD00D316D1 /* SwiftUIdemoTests.xctest */,
				4B203569289E36BD00D316D1 /* SwiftUIdemoUITests.xctest */,
			);
			name = Products;
			sourceTree = "<group>";
		};
		4B20354C289E36BC00D316D1 /* SwiftUIdemo */ = {
			isa = PBXGroup;
			children = (
				4B20357F289E374F00D316D1 /* controllers */,
				4B20357E289E371B00D316D1 /* apputils */,
				4B203553289E36BD00D316D1 /* Preview Content */,
			);
			path = SwiftUIdemo;
			sourceTree = "<group>";
		};
		4B203553289E36BD00D316D1 /* Preview Content */ = {
			isa = PBXGroup;
			children = (
				4B203554289E36BD00D316D1 /* Preview Assets.xcassets */,
			);
			path = "Preview Content";
			sourceTree = "<group>";
		};
		4B203562289E36BD00D316D1 /* SwiftUIdemoTests */ = {
			isa = PBXGroup;
			children = (
				4B203563289E36BD00D316D1 /* SwiftUIdemoTests.swift */,
			);
			path = SwiftUIdemoTests;
			sourceTree = "<group>";
		};
		4B20356C289E36BD00D316D1 /* SwiftUIdemoUITests */ = {
			isa = PBXGroup;
			children = (
				4B20356D289E36BD00D316D1 /* SwiftUIdemoUITests.swift */,
				4B20356F289E36BD00D316D1 /* SwiftUIdemoUITestsLaunchTests.swift */,
			);
			path = SwiftUIdemoUITests;
			sourceTree = "<group>";
		};
		4B20357E289E371B00D316D1 /* apputils */ = {
			isa = PBXGroup;
			children = (
				4B203558289E36BD00D316D1 /* SwiftUIdemo.xcdatamodeld */,
				4B20354D289E36BC00D316D1 /* SwiftUIdemoApp.swift */,
				4B203556289E36BD00D316D1 /* Persistence.swift */,
				4B203551289E36BD00D316D1 /* Assets.xcassets */,
			);
			path = apputils;
			sourceTree = "<group>";
		};
		4B20357F289E374F00D316D1 /* controllers */ = {
			isa = PBXGroup;
			children = (
				4B20357C289E36DB00D316D1 /* HomeScreen.swift */,
			);
			path = controllers;
			sourceTree = "<group>";
		};
/* End PBXGroup section */

/* Begin PBXNativeTarget section */
		4B203549289E36BC00D316D1 /* SwiftUIdemo */ = {
			isa = PBXNativeTarget;
			buildConfigurationList = 4B203573289E36BD00D316D1 /* Build configuration list for PBXNativeTarget "SwiftUIdemo" */;
			buildPhases = (
				4B203546289E36BC00D316D1 /* Sources */,
				4B203547289E36BC00D316D1 /* Frameworks */,
				4B203548289E36BC00D316D1 /* Resources */,
			);
			buildRules = (
			);
			dependencies = (
			);
			name = SwiftUIdemo;
			productName = SwiftUIdemo;
			productReference = 4B20354A289E36BC00D316D1 /* SwiftUIdemo.app */;
			productType = "com.apple.product-type.application";
		};
		4B20355E289E36BD00D316D1 /* SwiftUIdemoTests */ = {
			isa = PBXNativeTarget;
			buildConfigurationList = 4B203576289E36BD00D316D1 /* Build configuration list for PBXNativeTarget "SwiftUIdemoTests" */;
			buildPhases = (
				4B20355B289E36BD00D316D1 /* Sources */,
				4B20355C289E36BD00D316D1 /* Frameworks */,
				4B20355D289E36BD00D316D1 /* Resources */,
			);
			buildRules = (
			);
			dependencies = (
				4B203561289E36BD00D316D1 /* PBXTargetDependency */,
			);
			name = SwiftUIdemoTests;
			productName = SwiftUIdemoTests;
			productReference = 4B20355F289E36BD00D316D1 /* SwiftUIdemoTests.xctest */;
			productType = "com.apple.product-type.bundle.unit-test";
		};
		4B203568289E36BD00D316D1 /* SwiftUIdemoUITests */ = {
			isa = PBXNativeTarget;
			buildConfigurationList = 4B203579289E36BD00D316D1 /* Build configuration list for PBXNativeTarget "SwiftUIdemoUITests" */;
			buildPhases = (
				4B203565289E36BD00D316D1 /* Sources */,
				4B203566289E36BD00D316D1 /* Frameworks */,
				4B203567289E36BD00D316D1 /* Resources */,
			);
			buildRules = (
			);
			dependencies = (
				4B20356B289E36BD00D316D1 /* PBXTargetDependency */,
			);
			name = SwiftUIdemoUITests;
			productName = SwiftUIdemoUITests;
			productReference = 4B203569289E36BD00D316D1 /* SwiftUIdemoUITests.xctest */;
			productType = "com.apple.product-type.bundle.ui-testing";
		};
/* End PBXNativeTarget section */

/* Begin PBXProject section */
		4B203542289E36BC00D316D1 /* Project object */ = {
			isa = PBXProject;
			attributes = {
				BuildIndependentTargetsInParallel = 1;
				LastSwiftUpdateCheck = 1340;
				LastUpgradeCheck = 1340;
				TargetAttributes = {
					4B203549289E36BC00D316D1 = {
						CreatedOnToolsVersion = 13.4.1;
					};
					4B20355E289E36BD00D316D1 = {
						CreatedOnToolsVersion = 13.4.1;
						TestTargetID = 4B203549289E36BC00D316D1;
					};
					4B203568289E36BD00D316D1 = {
						CreatedOnToolsVersion = 13.4.1;
						TestTargetID = 4B203549289E36BC00D316D1;
					};
				};
			};
			buildConfigurationList = 4B203545289E36BC00D316D1 /* Build configuration list for PBXProject "SwiftUIdemo" */;
			compatibilityVersion = "Xcode 13.0";
			developmentRegion = en;
			hasScannedForEncodings = 0;
			knownRegions = (
				en,
				Base,
			);
			mainGroup = 4B203541289E36BC00D316D1;
			productRefGroup = 4B20354B289E36BC00D316D1 /* Products */;
			projectDirPath = "";
			projectRoot = "";
			targets = (
				4B203549289E36BC00D316D1 /* SwiftUIdemo */,
				4B20355E289E36BD00D316D1 /* SwiftUIdemoTests */,
				4B203568289E36BD00D316D1 /* SwiftUIdemoUITests */,
			);
		};
/* End PBXProject section */

/* Begin PBXResourcesBuildPhase section */
		4B203548289E36BC00D316D1 /* Resources */ = {
			isa = PBXResourcesBuildPhase;
			buildActionMask = 2147483647;
			files = (
				4B203555289E36BD00D316D1 /* Preview Assets.xcassets in Resources */,
				4B203552289E36BD00D316D1 /* Assets.xcassets in Resources */,
			);
			runOnlyForDeploymentPostprocessing = 0;
		};
		4B20355D289E36BD00D316D1 /* Resources */ = {
			isa = PBXResourcesBuildPhase;
			buildActionMask = 2147483647;
			files = (
			);
			runOnlyForDeploymentPostprocessing = 0;
		};
		4B203567289E36BD00D316D1 /* Resources */ = {
			isa = PBXResourcesBuildPhase;
			buildActionMask = 2147483647;
			files = (
			);
			runOnlyForDeploymentPostprocessing = 0;
		};
/* End PBXResourcesBuildPhase section */

/* Begin PBXSourcesBuildPhase section */
		4B203546289E36BC00D316D1 /* Sources */ = {
			isa = PBXSourcesBuildPhase;
			buildActionMask = 2147483647;
			files = (
				4B20355A289E36BD00D316D1 /* SwiftUIdemo.xcdatamodeld in Sources */,
				4B20357D289E36DB00D316D1 /* HomeScreen.swift in Sources */,
				4B203557289E36BD00D316D1 /* Persistence.swift in Sources */,
				4B20354E289E36BC00D316D1 /* SwiftUIdemoApp.swift in Sources */,
			);
			runOnlyForDeploymentPostprocessing = 0;
		};
		4B20355B289E36BD00D316D1 /* Sources */ = {
			isa = PBXSourcesBuildPhase;
			buildActionMask = 2147483647;
			files = (
				4B203564289E36BD00D316D1 /* SwiftUIdemoTests.swift in Sources */,
			);
			runOnlyForDeploymentPostprocessing = 0;
		};
		4B203565289E36BD00D316D1 /* Sources */ = {
			isa = PBXSourcesBuildPhase;
			buildActionMask = 2147483647;
			files = (
				4B20356E289E36BD00D316D1 /* SwiftUIdemoUITests.swift in Sources */,
				4B203570289E36BD00D316D1 /* SwiftUIdemoUITestsLaunchTests.swift in Sources */,
			);
			runOnlyForDeploymentPostprocessing = 0;
		};
/* End PBXSourcesBuildPhase section */

/* Begin PBXTargetDependency section */
		4B203561289E36BD00D316D1 /* PBXTargetDependency */ = {
			isa = PBXTargetDependency;
			target = 4B203549289E36BC00D316D1 /* SwiftUIdemo */;
			targetProxy = 4B203560289E36BD00D316D1 /* PBXContainerItemProxy */;
		};
		4B20356B289E36BD00D316D1 /* PBXTargetDependency */ = {
			isa = PBXTargetDependency;
			target = 4B203549289E36BC00D316D1 /* SwiftUIdemo */;
			targetProxy = 4B20356A289E36BD00D316D1 /* PBXContainerItemProxy */;
		};
/* End PBXTargetDependency section */

/* Begin XCBuildConfiguration section */
		4B203571289E36BD00D316D1 /* Debug */ = {
			isa = XCBuildConfiguration;
			buildSettings = {
				ALWAYS_SEARCH_USER_PATHS = NO;
				CLANG_ANALYZER_NONNULL = YES;
				CLANG_ANALYZER_NUMBER_OBJECT_CONVERSION = YES_AGGRESSIVE;
				CLANG_CXX_LANGUAGE_STANDARD = "gnu++17";
				CLANG_ENABLE_MODULES = YES;
				CLANG_ENABLE_OBJC_ARC = YES;
				CLANG_ENABLE_OBJC_WEAK = YES;
				CLANG_WARN_BLOCK_CAPTURE_AUTORELEASING = YES;
				CLANG_WARN_BOOL_CONVERSION = YES;
				CLANG_WARN_COMMA = YES;
				CLANG_WARN_CONSTANT_CONVERSION = YES;
				CLANG_WARN_DEPRECATED_OBJC_IMPLEMENTATIONS = YES;
				CLANG_WARN_DIRECT_OBJC_ISA_USAGE = YES_ERROR;
				CLANG_WARN_DOCUMENTATION_COMMENTS = YES;
				CLANG_WARN_EMPTY_BODY = YES;
				CLANG_WARN_ENUM_CONVERSION = YES;
				CLANG_WARN_INFINITE_RECURSION = YES;
				CLANG_WARN_INT_CONVERSION = YES;
				CLANG_WARN_NON_LITERAL_NULL_CONVERSION = YES;
				CLANG_WARN_OBJC_IMPLICIT_RETAIN_SELF = YES;
				CLANG_WARN_OBJC_LITERAL_CONVERSION = YES;
				CLANG_WARN_OBJC_ROOT_CLASS = YES_ERROR;
				CLANG_WARN_QUOTED_INCLUDE_IN_FRAMEWORK_HEADER = YES;
				CLANG_WARN_RANGE_LOOP_ANALYSIS = YES;
				CLANG_WARN_STRICT_PROTOTYPES = YES;
				CLANG_WARN_SUSPICIOUS_MOVE = YES;
				CLANG_WARN_UNGUARDED_AVAILABILITY = YES_AGGRESSIVE;
				CLANG_WARN_UNREACHABLE_CODE = YES;
				CLANG_WARN__DUPLICATE_METHOD_MATCH = YES;
				COPY_PHASE_STRIP = NO;
				DEBUG_INFORMATION_FORMAT = dwarf;
				ENABLE_STRICT_OBJC_MSGSEND = YES;
				ENABLE_TESTABILITY = YES;
				GCC_C_LANGUAGE_STANDARD = gnu11;
				GCC_DYNAMIC_NO_PIC = NO;
				GCC_NO_COMMON_BLOCKS = YES;
				GCC_OPTIMIZATION_LEVEL = 0;
				GCC_PREPROCESSOR_DEFINITIONS = (
					"DEBUG=1",
					"$(inherited)",
				);
				GCC_WARN_64_TO_32_BIT_CONVERSION = YES;
				GCC_WARN_ABOUT_RETURN_TYPE = YES_ERROR;
				GCC_WARN_UNDECLARED_SELECTOR = YES;
				GCC_WARN_UNINITIALIZED_AUTOS = YES_AGGRESSIVE;
				GCC_WARN_UNUSED_FUNCTION = YES;
				GCC_WARN_UNUSED_VARIABLE = YES;
				IPHONEOS_DEPLOYMENT_TARGET = 15.5;
				MTL_ENABLE_DEBUG_INFO = INCLUDE_SOURCE;
				MTL_FAST_MATH = YES;
				ONLY_ACTIVE_ARCH = YES;
				SDKROOT = iphoneos;
				SWIFT_ACTIVE_COMPILATION_CONDITIONS = DEBUG;
				SWIFT_OPTIMIZATION_LEVEL = "-Onone";
			};
			name = Debug;
		};
		4B203572289E36BD00D316D1 /* Release */ = {
			isa = XCBuildConfiguration;
			buildSettings = {
				ALWAYS_SEARCH_USER_PATHS = NO;
				CLANG_ANALYZER_NONNULL = YES;
				CLANG_ANALYZER_NUMBER_OBJECT_CONVERSION = YES_AGGRESSIVE;
				CLANG_CXX_LANGUAGE_STANDARD = "gnu++17";
				CLANG_ENABLE_MODULES = YES;
				CLANG_ENABLE_OBJC_ARC = YES;
				CLANG_ENABLE_OBJC_WEAK = YES;
				CLANG_WARN_BLOCK_CAPTURE_AUTORELEASING = YES;
				CLANG_WARN_BOOL_CONVERSION = YES;
				CLANG_WARN_COMMA = YES;
				CLANG_WARN_CONSTANT_CONVERSION = YES;
				CLANG_WARN_DEPRECATED_OBJC_IMPLEMENTATIONS = YES;
				CLANG_WARN_DIRECT_OBJC_ISA_USAGE = YES_ERROR;
				CLANG_WARN_DOCUMENTATION_COMMENTS = YES;
				CLANG_WARN_EMPTY_BODY = YES;
				CLANG_WARN_ENUM_CONVERSION = YES;
				CLANG_WARN_INFINITE_RECURSION = YES;
				CLANG_WARN_INT_CONVERSION = YES;
				CLANG_WARN_NON_LITERAL_NULL_CONVERSION = YES;
				CLANG_WARN_OBJC_IMPLICIT_RETAIN_SELF = YES;
				CLANG_WARN_OBJC_LITERAL_CONVERSION = YES;
				CLANG_WARN_OBJC_ROOT_CLASS = YES_ERROR;
				CLANG_WARN_QUOTED_INCLUDE_IN_FRAMEWORK_HEADER = YES;
				CLANG_WARN_RANGE_LOOP_ANALYSIS = YES;
				CLANG_WARN_STRICT_PROTOTYPES = YES;
				CLANG_WARN_SUSPICIOUS_MOVE = YES;
				CLANG_WARN_UNGUARDED_AVAILABILITY = YES_AGGRESSIVE;
				CLANG_WARN_UNREACHABLE_CODE = YES;
				CLANG_WARN__DUPLICATE_METHOD_MATCH = YES;
				COPY_PHASE_STRIP = NO;
				DEBUG_INFORMATION_FORMAT = "dwarf-with-dsym";
				ENABLE_NS_ASSERTIONS = NO;
				ENABLE_STRICT_OBJC_MSGSEND = YES;
				GCC_C_LANGUAGE_STANDARD = gnu11;
				GCC_NO_COMMON_BLOCKS = YES;
				GCC_WARN_64_TO_32_BIT_CONVERSION = YES;
				GCC_WARN_ABOUT_RETURN_TYPE = YES_ERROR;
				GCC_WARN_UNDECLARED_SELECTOR = YES;
				GCC_WARN_UNINITIALIZED_AUTOS = YES_AGGRESSIVE;
				GCC_WARN_UNUSED_FUNCTION = YES;
				GCC_WARN_UNUSED_VARIABLE = YES;
				IPHONEOS_DEPLOYMENT_TARGET = 15.5;
				MTL_ENABLE_DEBUG_INFO = NO;
				MTL_FAST_MATH = YES;
				SDKROOT = iphoneos;
				SWIFT_COMPILATION_MODE = wholemodule;
				SWIFT_OPTIMIZATION_LEVEL = "-O";
				VALIDATE_PRODUCT = YES;
			};
			name = Release;
		};
		4B203574289E36BD00D316D1 /* Debug */ = {
			isa = XCBuildConfiguration;
			buildSettings = {
				ASSETCATALOG_COMPILER_APPICON_NAME = AppIcon;
				ASSETCATALOG_COMPILER_GLOBAL_ACCENT_COLOR_NAME = AccentColor;
				CODE_SIGN_STYLE = Automatic;
				CURRENT_PROJECT_VERSION = 1;
				DEVELOPMENT_ASSET_PATHS = "\"SwiftUIdemo/Preview Content\"";
				DEVELOPMENT_TEAM = GP9DF5DX3M;
				ENABLE_PREVIEWS = YES;
				GENERATE_INFOPLIST_FILE = YES;
				INFOPLIST_KEY_UIApplicationSceneManifest_Generation = YES;
				INFOPLIST_KEY_UIApplicationSupportsIndirectInputEvents = YES;
				INFOPLIST_KEY_UILaunchScreen_Generation = YES;
				INFOPLIST_KEY_UISupportedInterfaceOrientations = "UIInterfaceOrientationPortrait UIInterfaceOrientationLandscapeLeft UIInterfaceOrientationLandscapeRight";
				INFOPLIST_KEY_UISupportedInterfaceOrientations_iPad = "UIInterfaceOrientationPortrait UIInterfaceOrientationPortraitUpsideDown UIInterfaceOrientationLandscapeLeft UIInterfaceOrientationLandscapeRight";
				INFOPLIST_KEY_UISupportedInterfaceOrientations_iPhone = "UIInterfaceOrientationPortrait UIInterfaceOrientationLandscapeLeft UIInterfaceOrientationLandscapeRight";
				LD_RUNPATH_SEARCH_PATHS = (
					"$(inherited)",
					"@executable_path/Frameworks",
				);
				MARKETING_VERSION = 1.0;
				PRODUCT_BUNDLE_IDENTIFIER = habibcmb.SwiftUIdemo;
				PRODUCT_NAME = "$(TARGET_NAME)";
				SWIFT_EMIT_LOC_STRINGS = YES;
				SWIFT_VERSION = 5.0;
				TARGETED_DEVICE_FAMILY = "1,2";
			};
			name = Debug;
		};
		4B203575289E36BD00D316D1 /* Release */ = {
			isa = XCBuildConfiguration;
			buildSettings = {
				ASSETCATALOG_COMPILER_APPICON_NAME = AppIcon;
				ASSETCATALOG_COMPILER_GLOBAL_ACCENT_COLOR_NAME = AccentColor;
				CODE_SIGN_STYLE = Automatic;
				CURRENT_PROJECT_VERSION = 1;
				DEVELOPMENT_ASSET_PATHS = "\"SwiftUIdemo/Preview Content\"";
				DEVELOPMENT_TEAM = GP9DF5DX3M;
				ENABLE_PREVIEWS = YES;
				GENERATE_INFOPLIST_FILE = YES;
				INFOPLIST_KEY_UIApplicationSceneManifest_Generation = YES;
				INFOPLIST_KEY_UIApplicationSupportsIndirectInputEvents = YES;
				INFOPLIST_KEY_UILaunchScreen_Generation = YES;
				INFOPLIST_KEY_UISupportedInterfaceOrientations = "UIInterfaceOrientationPortrait UIInterfaceOrientationLandscapeLeft UIInterfaceOrientationLandscapeRight";
				INFOPLIST_KEY_UISupportedInterfaceOrientations_iPad = "UIInterfaceOrientationPortrait UIInterfaceOrientationPortraitUpsideDown UIInterfaceOrientationLandscapeLeft UIInterfaceOrientationLandscapeRight";
				INFOPLIST_KEY_UISupportedInterfaceOrientations_iPhone = "UIInterfaceOrientationPortrait UIInterfaceOrientationLandscapeLeft UIInterfaceOrientationLandscapeRight";
				LD_RUNPATH_SEARCH_PATHS = (
					"$(inherited)",
					"@executable_path/Frameworks",
				);
				MARKETING_VERSION = 1.0;
				PRODUCT_BUNDLE_IDENTIFIER = habibcmb.SwiftUIdemo;
				PRODUCT_NAME = "$(TARGET_NAME)";
				SWIFT_EMIT_LOC_STRINGS = YES;
				SWIFT_VERSION = 5.0;
				TARGETED_DEVICE_FAMILY = "1,2";
			};
			name = Release;
		};
		4B203577289E36BD00D316D1 /* Debug */ = {
			isa = XCBuildConfiguration;
			buildSettings = {
				ALWAYS_EMBED_SWIFT_STANDARD_LIBRARIES = YES;
				BUNDLE_LOADER = "$(TEST_HOST)";
				CODE_SIGN_STYLE = Automatic;
				CURRENT_PROJECT_VERSION = 1;
				DEVELOPMENT_TEAM = GP9DF5DX3M;
				GENERATE_INFOPLIST_FILE = YES;
				IPHONEOS_DEPLOYMENT_TARGET = 15.5;
				MARKETING_VERSION = 1.0;
				PRODUCT_BUNDLE_IDENTIFIER = habibcmb.SwiftUIdemoTests;
				PRODUCT_NAME = "$(TARGET_NAME)";
				SWIFT_EMIT_LOC_STRINGS = NO;
				SWIFT_VERSION = 5.0;
				TARGETED_DEVICE_FAMILY = "1,2";
				TEST_HOST = "$(BUILT_PRODUCTS_DIR)/SwiftUIdemo.app/SwiftUIdemo";
			};
			name = Debug;
		};
		4B203578289E36BD00D316D1 /* Release */ = {
			isa = XCBuildConfiguration;
			buildSettings = {
				ALWAYS_EMBED_SWIFT_STANDARD_LIBRARIES = YES;
				BUNDLE_LOADER = "$(TEST_HOST)";
				CODE_SIGN_STYLE = Automatic;
				CURRENT_PROJECT_VERSION = 1;
				DEVELOPMENT_TEAM = GP9DF5DX3M;
				GENERATE_INFOPLIST_FILE = YES;
				IPHONEOS_DEPLOYMENT_TARGET = 15.5;
				MARKETING_VERSION = 1.0;
				PRODUCT_BUNDLE_IDENTIFIER = habibcmb.SwiftUIdemoTests;
				PRODUCT_NAME = "$(TARGET_NAME)";
				SWIFT_EMIT_LOC_STRINGS = NO;
				SWIFT_VERSION = 5.0;
				TARGETED_DEVICE_FAMILY = "1,2";
				TEST_HOST = "$(BUILT_PRODUCTS_DIR)/SwiftUIdemo.app/SwiftUIdemo";
			};
			name = Release;
		};
		4B20357A289E36BD00D316D1 /* Debug */ = {
			isa = XCBuildConfiguration;
			buildSettings = {
				ALWAYS_EMBED_SWIFT_STANDARD_LIBRARIES = YES;
				CODE_SIGN_STYLE = Automatic;
				CURRENT_PROJECT_VERSION = 1;
				DEVELOPMENT_TEAM = GP9DF5DX3M;
				GENERATE_INFOPLIST_FILE = YES;
				MARKETING_VERSION = 1.0;
				PRODUCT_BUNDLE_IDENTIFIER = habibcmb.SwiftUIdemoUITests;
				PRODUCT_NAME = "$(TARGET_NAME)";
				SWIFT_EMIT_LOC_STRINGS = NO;
				SWIFT_VERSION = 5.0;
				TARGETED_DEVICE_FAMILY = "1,2";
				TEST_TARGET_NAME = SwiftUIdemo;
			};
			name = Debug;
		};
		4B20357B289E36BD00D316D1 /* Release */ = {
			isa = XCBuildConfiguration;
			buildSettings = {
				ALWAYS_EMBED_SWIFT_STANDARD_LIBRARIES = YES;
				CODE_SIGN_STYLE = Automatic;
				CURRENT_PROJECT_VERSION = 1;
				DEVELOPMENT_TEAM = GP9DF5DX3M;
				GENERATE_INFOPLIST_FILE = YES;
				MARKETING_VERSION = 1.0;
				PRODUCT_BUNDLE_IDENTIFIER = habibcmb.SwiftUIdemoUITests;
				PRODUCT_NAME = "$(TARGET_NAME)";
				SWIFT_EMIT_LOC_STRINGS = NO;
				SWIFT_VERSION = 5.0;
				TARGETED_DEVICE_FAMILY = "1,2";
				TEST_TARGET_NAME = SwiftUIdemo;
			};
			name = Release;
		};
/* End XCBuildConfiguration section */

/* Begin XCConfigurationList section */
		4B203545289E36BC00D316D1 /* Build configuration list for PBXProject "SwiftUIdemo" */ = {
			isa = XCConfigurationList;
			buildConfigurations = (
				4B203571289E36BD00D316D1 /* Debug */,
				4B203572289E36BD00D316D1 /* Release */,
			);
			defaultConfigurationIsVisible = 0;
			defaultConfigurationName = Release;
		};
		4B203573289E36BD00D316D1 /* Build configuration list for PBXNativeTarget "SwiftUIdemo" */ = {
			isa = XCConfigurationList;
			buildConfigurations = (
				4B203574289E36BD00D316D1 /* Debug */,
				4B203575289E36BD00D316D1 /* Release */,
			);
			defaultConfigurationIsVisible = 0;
			defaultConfigurationName = Release;
		};
		4B203576289E36BD00D316D1 /* Build configuration list for PBXNativeTarget "SwiftUIdemoTests" */ = {
			isa = XCConfigurationList;
			buildConfigurations = (
				4B203577289E36BD00D316D1 /* Debug */,
				4B203578289E36BD00D316D1 /* Release */,
			);
			defaultConfigurationIsVisible = 0;
			defaultConfigurationName = Release;
		};
		4B203579289E36BD00D316D1 /* Build configuration list for PBXNativeTarget "SwiftUIdemoUITests" */ = {
			isa = XCConfigurationList;
			buildConfigurations = (
				4B20357A289E36BD00D316D1 /* Debug */,
				4B20357B289E36BD00D316D1 /* Release */,
			);
			defaultConfigurationIsVisible = 0;
			defaultConfigurationName = Release;
		};
/* End XCConfigurationList section */

/* Begin XCVersionGroup section */
		4B203558289E36BD00D316D1 /* SwiftUIdemo.xcdatamodeld */ = {
			isa = XCVersionGroup;
			children = (
				4B203559289E36BD00D316D1 /* SwiftUIdemo.xcdatamodel */,
			);
			currentVersion = 4B203559289E36BD00D316D1 /* SwiftUIdemo.xcdatamodel */;
			path = SwiftUIdemo.xcdatamodeld;
			sourceTree = "<group>";
			versionGroupType = wrapper.xcdatamodel;
		};
/* End XCVersionGroup section */
	};
	rootObject = 4B203542289E36BC00D316D1 /* Project object */;
}
